
Microsoft Visual Studio Solution File, Format Version 12.00
# Visual Studio Version 16
VisualStudioVersion = 16.0.30002.166
MinimumVisualStudioVersion = 10.0.40219.1
Project("{FAE04EC0-301F-11D3-BF4B-00C04F79EFBC}") = "Panel de Control", "Panel de Control\Panel de Control.csproj", "{D43B9373-110F-46DF-A314-7A8D85AF0FFF}"
EndProject
Global
	GlobalSection(SolutionConfigurationPlatforms) = preSolution
		Debug|Any CPU = Debug|Any CPU
		Release|Any CPU = Release|Any CPU
	EndGlobalSection
	GlobalSection(ProjectConfigurationPlatforms) = postSolution
		{D43B9373-110F-46DF-A314-7A8D85AF0FFF}.Debug|Any CPU.ActiveCfg = Debug|Any CPU
		{D43B9373-110F-46DF-A314-7A8D85AF0FFF}.Debug|Any CPU.Build.0 = Debug|Any CPU
		{D43B9373-110F-46DF-A314-7A8D85AF0FFF}.Release|Any CPU.ActiveCfg = Release|Any CPU
		{D43B9373-110F-46DF-A314-7A8D85AF0FFF}.Release|Any CPU.Build.0 = Release|Any CPU
	EndGlobalSection
	GlobalSection(SolutionProperties) = preSolution
		HideSolutionNode = FALSE
	EndGlobalSection
	GlobalSection(ExtensibilityGlobals) = postSolution
		SolutionGuid = {03AA95AD-07B2-4C21-8AC8-49AA0587CA1C}
	EndGlobalSection
EndGlobal
